{
  "name": "Quotr",
  "lockfileVersion": 3,
  "requires": true,
  "packages": {
    "": {
      "dependencies": {
        "@axe-core/playwright": "^4.12.1"
      }
    },
    "node_modules/@axe-core/playwright": {
      "version": "4.12.1",
      "resolved": "https://registry.npmjs.org/@axe-core/playwright/-/playwright-4.12.1.tgz",
      "integrity": "sha512-rMd7xriptqKpP+w5265i4Hdkv2X5kbu6uiBi/B2I7uf3hieRBM3qDCfaKPtxfiYb2mKXfF+yLODJwIx+Jv1GDw==",
      "license": "MPL-2.0",
      "dependencies": {
        "axe-core": "~4.12.1"
      },
      "peerDependencies": {
        "playwright-core": ">= 1.0.0"
      }
    },
    "node_modules/axe-core": {
      "version": "4.12.1",
      "resolved": "https://registry.npmjs.org/axe-core/-/axe-core-4.12.1.tgz",
      "integrity": "sha512-s7iGf5GaVMxEG0ENN9x+xTr7GFZCb1ZP/1uATUpCEK2X78nDB3RwbtFCo9pGAf9ru+VwoQ464DkaLEeRM08wJA==",
      "license": "MPL-2.0",
      "engines": {
        "node": ">=4"
      }
    },
    "node_modules/playwright-core": {
      "version": "1.62.1",
      "resolved": "https://registry.npmjs.org/playwright-core/-/playwright-core-1.62.1.tgz",
      "integrity": "sha512-wPYSwEBJY9GHraISXqyqtx0na0LpO3XEX7jNDhntbex7tzUS7kLnZsOlFruFJB4Hi/rhDMjXGqHewDZ68nYZVw==",
      "license": "Apache-2.0",
      "peer": true,
      "bin": {
        "playwright-core": "cli.js"
      },
      "engines": {
        "node": ">=20"
      }
    }
  }
}
